
Microsoft Visual Studio Solution File, Format Version 12.00
# Visual Studio Version 16
VisualStudioVersion = 16.0.29920.165
MinimumVisualStudioVersion = 10.0.40219.1
Project("{FAE04EC0-301F-11D3-BF4B-00C04F79EFBC}") = "Shopping", "Shopping.csproj", "{38B6EA24-EBC2-4666-B169-A2332019ACE6}"
EndProject
Global
	GlobalSection(SolutionConfigurationPlatforms) = preSolution
		Debug|Any CPU = Debug|Any CPU
		Release|Any CPU = Release|Any CPU
	EndGlobalSection
	GlobalSection(ProjectConfigurationPlatforms) = postSolution
		{38B6EA24-EBC2-4666-B169-A2332019ACE6}.Debug|Any CPU.ActiveCfg = Debug|Any CPU
		{38B6EA24-EBC2-4666-B169-A2332019ACE6}.Debug|Any CPU.Build.0 = Debug|Any CPU
		{38B6EA24-EBC2-4666-B169-A2332019ACE6}.Release|Any CPU.ActiveCfg = Release|Any CPU
		{38B6EA24-EBC2-4666-B169-A2332019ACE6}.Release|Any CPU.Build.0 = Release|Any CPU
	EndGlobalSection
	GlobalSection(SolutionProperties) = preSolution
		HideSolutionNode = FALSE
	EndGlobalSection
	GlobalSection(ExtensibilityGlobals) = postSolution
		SolutionGuid = {70658B5F-FE57-41F1-A089-72355B355AF3}
	EndGlobalSection
EndGlobal
